
Microsoft Visual Studio Solution File, Format Version 12.00
# Visual Studio Version 16
VisualStudioVersion = 16.0.31019.35
MinimumVisualStudioVersion = 10.0.40219.1
Project("{FAE04EC0-301F-11D3-BF4B-00C04F79EFBC}") = "TryCatch", "TryCatch\TryCatch.csproj", "{494FE586-04D7-439B-B05A-E142E152A432}"
EndProject
Project("{FAE04EC0-301F-11D3-BF4B-00C04F79EFBC}") = "Exercicio1", "Exercicio1\Exercicio1.csproj", "{2F938914-E045-4389-8149-F5617C82497A}"
EndProject
Project("{FAE04EC0-301F-11D3-BF4B-00C04F79EFBC}") = "Desafio1", "Desafio1\Desafio1.csproj", "{151DBF5A-58CD-458C-8CFA-54525FEBC5E5}"
EndProject
Global
	GlobalSection(SolutionConfigurationPlatforms) = preSolution
		Debug|Any CPU = Debug|Any CPU
		Release|Any CPU = Release|Any CPU
	EndGlobalSection
	GlobalSection(ProjectConfigurationPlatforms) = postSolution
		{494FE586-04D7-439B-B05A-E142E152A432}.Debug|Any CPU.ActiveCfg = Debug|Any CPU
		{494FE586-04D7-439B-B05A-E142E152A432}.Debug|Any CPU.Build.0 = Debug|Any CPU
		{494FE586-04D7-439B-B05A-E142E152A432}.Release|Any CPU.ActiveCfg = Release|Any CPU
		{494FE586-04D7-439B-B05A-E142E152A432}.Release|Any CPU.Build.0 = Release|Any CPU
		{2F938914-E045-4389-8149-F5617C82497A}.Debug|Any CPU.ActiveCfg = Debug|Any CPU
		{2F938914-E045-4389-8149-F5617C82497A}.Debug|Any CPU.Build.0 = Debug|Any CPU
		{2F938914-E045-4389-8149-F5617C82497A}.Release|Any CPU.ActiveCfg = Release|Any CPU
		{2F938914-E045-4389-8149-F5617C82497A}.Release|Any CPU.Build.0 = Release|Any CPU
		{151DBF5A-58CD-458C-8CFA-54525FEBC5E5}.Debug|Any CPU.ActiveCfg = Debug|Any CPU
		{151DBF5A-58CD-458C-8CFA-54525FEBC5E5}.Debug|Any CPU.Build.0 = Debug|Any CPU
		{151DBF5A-58CD-458C-8CFA-54525FEBC5E5}.Release|Any CPU.ActiveCfg = Release|Any CPU
		{151DBF5A-58CD-458C-8CFA-54525FEBC5E5}.Release|Any CPU.Build.0 = Release|Any CPU
	EndGlobalSection
	GlobalSection(SolutionProperties) = preSolution
		HideSolutionNode = FALSE
	EndGlobalSection
	GlobalSection(ExtensibilityGlobals) = postSolution
		SolutionGuid = {A74905D1-0C07-49AB-9135-2B8027DD1E27}
	EndGlobalSection
EndGlobal
