
Microsoft Visual Studio Solution File, Format Version 12.00
# Visual Studio Version 16
VisualStudioVersion = 16.0.31019.35
MinimumVisualStudioVersion = 10.0.40219.1
Project("{FAE04EC0-301F-11D3-BF4B-00C04F79EFBC}") = "Delegates", "Delegates\Delegates.csproj", "{C2BADE3C-2F31-4256-84E8-8F944F4EB0D2}"
EndProject
Project("{FAE04EC0-301F-11D3-BF4B-00C04F79EFBC}") = "Predicate", "Predicate\Predicate.csproj", "{ED80B646-2069-4472-9465-228C2C20C6CA}"
EndProject
Project("{FAE04EC0-301F-11D3-BF4B-00C04F79EFBC}") = "Linq", "Linq\Linq.csproj", "{D3026B33-C8B1-4F30-80F6-3F55C9F4B67E}"
EndProject
Project("{FAE04EC0-301F-11D3-BF4B-00C04F79EFBC}") = "DemoLinq1", "DemoLinq1\DemoLinq1.csproj", "{F8B00FE1-8612-4320-BB61-0274AE64CD32}"
EndProject
Project("{FAE04EC0-301F-11D3-BF4B-00C04F79EFBC}") = "DemoLinq2", "DemoLinq2\DemoLinq2.csproj", "{E08911BD-1FC1-4AEA-877B-9E3EEEBA98CA}"
EndProject
Project("{FAE04EC0-301F-11D3-BF4B-00C04F79EFBC}") = "Exercicio1", "Exercicio1\Exercicio1.csproj", "{EA79B1F9-BD47-4146-A35F-779477BDF9AA}"
EndProject
Global
	GlobalSection(SolutionConfigurationPlatforms) = preSolution
		Debug|Any CPU = Debug|Any CPU
		Release|Any CPU = Release|Any CPU
	EndGlobalSection
	GlobalSection(ProjectConfigurationPlatforms) = postSolution
		{C2BADE3C-2F31-4256-84E8-8F944F4EB0D2}.Debug|Any CPU.ActiveCfg = Debug|Any CPU
		{C2BADE3C-2F31-4256-84E8-8F944F4EB0D2}.Debug|Any CPU.Build.0 = Debug|Any CPU
		{C2BADE3C-2F31-4256-84E8-8F944F4EB0D2}.Release|Any CPU.ActiveCfg = Release|Any CPU
		{C2BADE3C-2F31-4256-84E8-8F944F4EB0D2}.Release|Any CPU.Build.0 = Release|Any CPU
		{ED80B646-2069-4472-9465-228C2C20C6CA}.Debug|Any CPU.ActiveCfg = Debug|Any CPU
		{ED80B646-2069-4472-9465-228C2C20C6CA}.Debug|Any CPU.Build.0 = Debug|Any CPU
		{ED80B646-2069-4472-9465-228C2C20C6CA}.Release|Any CPU.ActiveCfg = Release|Any CPU
		{ED80B646-2069-4472-9465-228C2C20C6CA}.Release|Any CPU.Build.0 = Release|Any CPU
		{D3026B33-C8B1-4F30-80F6-3F55C9F4B67E}.Debug|Any CPU.ActiveCfg = Debug|Any CPU
		{D3026B33-C8B1-4F30-80F6-3F55C9F4B67E}.Debug|Any CPU.Build.0 = Debug|Any CPU
		{D3026B33-C8B1-4F30-80F6-3F55C9F4B67E}.Release|Any CPU.ActiveCfg = Release|Any CPU
		{D3026B33-C8B1-4F30-80F6-3F55C9F4B67E}.Release|Any CPU.Build.0 = Release|Any CPU
		{F8B00FE1-8612-4320-BB61-0274AE64CD32}.Debug|Any CPU.ActiveCfg = Debug|Any CPU
		{F8B00FE1-8612-4320-BB61-0274AE64CD32}.Debug|Any CPU.Build.0 = Debug|Any CPU
		{F8B00FE1-8612-4320-BB61-0274AE64CD32}.Release|Any CPU.ActiveCfg = Release|Any CPU
		{F8B00FE1-8612-4320-BB61-0274AE64CD32}.Release|Any CPU.Build.0 = Release|Any CPU
		{E08911BD-1FC1-4AEA-877B-9E3EEEBA98CA}.Debug|Any CPU.ActiveCfg = Debug|Any CPU
		{E08911BD-1FC1-4AEA-877B-9E3EEEBA98CA}.Debug|Any CPU.Build.0 = Debug|Any CPU
		{E08911BD-1FC1-4AEA-877B-9E3EEEBA98CA}.Release|Any CPU.ActiveCfg = Release|Any CPU
		{E08911BD-1FC1-4AEA-877B-9E3EEEBA98CA}.Release|Any CPU.Build.0 = Release|Any CPU
		{EA79B1F9-BD47-4146-A35F-779477BDF9AA}.Debug|Any CPU.ActiveCfg = Debug|Any CPU
		{EA79B1F9-BD47-4146-A35F-779477BDF9AA}.Debug|Any CPU.Build.0 = Debug|Any CPU
		{EA79B1F9-BD47-4146-A35F-779477BDF9AA}.Release|Any CPU.ActiveCfg = Release|Any CPU
		{EA79B1F9-BD47-4146-A35F-779477BDF9AA}.Release|Any CPU.Build.0 = Release|Any CPU
	EndGlobalSection
	GlobalSection(SolutionProperties) = preSolution
		HideSolutionNode = FALSE
	EndGlobalSection
	GlobalSection(ExtensibilityGlobals) = postSolution
		SolutionGuid = {B32CCB04-EE38-46B0-8C9C-5BC873577783}
	EndGlobalSection
EndGlobal
